<?xml version="1.0" encoding="UTF-8"?>
<Scheme
   LastUpgradeVersion = "1600"
   version = "1.7">
   <BuildAction
      parallelizeBuildables = "YES"
      buildImplicitDependencies = "YES"
      buildArchitectures = "Automatic">
      <BuildActionEntries>
         <BuildActionEntry
            buildForTesting = "YES"
            buildForRunning = "YES"
            buildForProfiling = "YES"
            buildForArchiving = "YES"
            buildForAnalyzing = "YES">
            <BuildableReference
               BuildableIdentifier = "primary"
               BlueprintIdentifier = "1336692F2BE82EA000484032"
               BuildableName = "repix"
               BlueprintName = "repix"
               ReferencedContainer = "container:repix.xcodeproj">
            </BuildableReference>
         </BuildActionEntry>
      </BuildActionEntries>
   </BuildAction>
   <TestAction
      buildConfiguration = "Debug"
      selectedDebuggerIdentifier = "Xcode.DebuggerFoundation.Debugger.LLDB"
      selectedLauncherIdentifier = "Xcode.DebuggerFoundation.Launcher.LLDB"
      shouldUseLaunchSchemeArgsEnv = "YES"
      shouldAutocreateTestPlan = "YES">
   </TestAction>
   <LaunchAction
      buildConfiguration = "Debug"
      selectedDebuggerIdentifier = "Xcode.DebuggerFoundation.Debugger.LLDB"
      selectedLauncherIdentifier = "Xcode.DebuggerFoundation.Launcher.LLDB"
      launchStyle = "0"
      useCustomWorkingDirectory = "NO"
      ignoresPersistentStateOnLaunch = "NO"
      debugDocumentVersioning = "YES"
      debugServiceExtension = "internal"
      allowLocationSimulation = "YES"
      viewDebuggingEnabled = "No">
      <BuildableProductRunnable
         runnableDebuggingMode = "0">
         <BuildableReference
            BuildableIdentifier = "primary"
            BlueprintIdentifier = "1336692F2BE82EA000484032"
            BuildableName = "repix"
            BlueprintName = "repix"
            ReferencedContainer = "container:repix.xcodeproj">
         </BuildableReference>
      </BuildableProductRunnable>
      <CommandLineArguments>
         <CommandLineArgument
            argument = "-version"
            isEnabled = "NO">
         </CommandLineArgument>
         <CommandLineArgument
            argument = "-a $(PROJECT_DIR)/examples/example.act"
            isEnabled = "YES">
         </CommandLineArgument>
         <CommandLineArgument
            argument = "-help"
            isEnabled = "NO">
         </CommandLineArgument>
         <CommandLineArgument
            argument = "$(PROJECT_DIR)/examples/example.png"
            isEnabled = "YES">
         </CommandLineArgument>
         <CommandLineArgument
            argument = "-o $(PROJECT_DIR)/examples/result.png"
            isEnabled = "NO">
         </CommandLineArgument>
         <CommandLineArgument
            argument = "-h 30 -p 255 -s 3 -m 3 -l"
            isEnabled = "YES">
         </CommandLineArgument>
         <CommandLineArgument
            argument = "-g 1"
            isEnabled = "YES">
         </CommandLineArgument>
         <CommandLineArgument
            argument = "debug"
            isEnabled = "NO">
         </CommandLineArgument>
      </CommandLineArguments>
   </LaunchAction>
   <ProfileAction
      buildConfiguration = "Release"
      shouldUseLaunchSchemeArgsEnv = "YES"
      savedToolIdentifier = ""
      useCustomWorkingDirectory = "NO"
      debugDocumentVersioning = "YES">
      <BuildableProductRunnable
         runnableDebuggingMode = "0">
         <BuildableReference
            BuildableIdentifier = "primary"
            BlueprintIdentifier = "1336692F2BE82EA000484032"
            BuildableName = "repix"
            BlueprintName = "repix"
            ReferencedContainer = "container:repix.xcodeproj">
         </BuildableReference>
      </BuildableProductRunnable>
   </ProfileAction>
   <AnalyzeAction
      buildConfiguration = "Debug">
   </AnalyzeAction>
   <ArchiveAction
      buildConfiguration = "Release"
      revealArchiveInOrganizer = "YES">
   </ArchiveAction>
</Scheme>
