// !$*UTF8*$!
{
	archiveVersion = 1;
	classes = {
	};
	objectVersion = 56;
	objects = {

/* Begin PBXBuildFile section */
		133669342BE82EA000484032 /* main.cpp in Sources */ = {isa = PBXBuildFile; fileRef = 133669332BE82EA000484032 /* main.cpp */; };
		133669432BE82F9100484032 /* image.cpp in Sources */ = {isa = PBXBuildFile; fileRef = 1336693F2BE82F9100484032 /* image.cpp */; };
		13592D002CC07A610052D0E9 /* libpng16.a in Frameworks */ = {isa = PBXBuildFile; fileRef = 13592CFF2CC07A610052D0E9 /* libpng16.a */; };
		13592D022CC083690052D0E9 /* libz.a in Frameworks */ = {isa = PBXBuildFile; fileRef = 13592D012CC083690052D0E9 /* libz.a */; };
		13592D3D2CC5625F0052D0E9 /* rePiX.cpp in Sources */ = {isa = PBXBuildFile; fileRef = 13592D3C2CC5625F0052D0E9 /* rePiX.cpp */; };
/* End PBXBuildFile section */

/* Begin PBXCopyFilesBuildPhase section */
		1336692E2BE82EA000484032 /* CopyFiles */ = {
			isa = PBXCopyFilesBuildPhase;
			buildActionMask = 2147483647;
			dstPath = /usr/share/man/man1/;
			dstSubfolderSpec = 0;
			files = (
			);
			runOnlyForDeploymentPostprocessing = 1;
		};
/* End PBXCopyFilesBuildPhase section */

/* Begin PBXFileReference section */
		130BEBC62CA1C48600E921B4 /* assets */ = {isa = PBXFileReference; lastKnownFileType = folder; path = assets; sourceTree = "<group>"; };
		130BEBC72CA340F700E921B4 /* build.h */ = {isa = PBXFileReference; lastKnownFileType = sourcecode.c.h; path = build.h; sourceTree = "<group>"; };
		133669302BE82EA000484032 /* repix */ = {isa = PBXFileReference; explicitFileType = "compiled.mach-o.executable"; includeInIndex = 0; path = repix; sourceTree = BUILT_PRODUCTS_DIR; };
		133669332BE82EA000484032 /* main.cpp */ = {isa = PBXFileReference; lastKnownFileType = sourcecode.cpp.cpp; path = main.cpp; sourceTree = "<group>"; };
		1336693A2BE82F4200484032 /* README.md */ = {isa = PBXFileReference; lastKnownFileType = net.daringfireball.markdown; path = README.md; sourceTree = "<group>"; };
		1336693F2BE82F9100484032 /* image.cpp */ = {isa = PBXFileReference; fileEncoding = 4; lastKnownFileType = sourcecode.cpp.cpp; path = image.cpp; sourceTree = "<group>"; };
		133669402BE82F9100484032 /* build.txt */ = {isa = PBXFileReference; fileEncoding = 4; lastKnownFileType = text; path = build.txt; sourceTree = "<group>"; };
		133669412BE82F9100484032 /* image.hpp */ = {isa = PBXFileReference; fileEncoding = 4; lastKnownFileType = sourcecode.cpp.h; path = image.hpp; sourceTree = "<group>"; };
		13592CFF2CC07A610052D0E9 /* libpng16.a */ = {isa = PBXFileReference; lastKnownFileType = archive.ar; name = libpng16.a; path = ../../../../usr/local/Cellar/libpng/1.6.44/lib/libpng16.a; sourceTree = "<group>"; };
		13592D012CC083690052D0E9 /* libz.a */ = {isa = PBXFileReference; lastKnownFileType = archive.ar; name = libz.a; path = ../../../../usr/local/zlib/lib/libz.a; sourceTree = "<group>"; };
		13592D3B2CC5625F0052D0E9 /* rePiX.hpp */ = {isa = PBXFileReference; lastKnownFileType = sourcecode.cpp.h; path = rePiX.hpp; sourceTree = "<group>"; };
		13592D3C2CC5625F0052D0E9 /* rePiX.cpp */ = {isa = PBXFileReference; lastKnownFileType = sourcecode.cpp.cpp; path = rePiX.cpp; sourceTree = "<group>"; };
		138F54E22CA0E72B009357F9 /* LICENSE */ = {isa = PBXFileReference; lastKnownFileType = text; path = LICENSE; sourceTree = "<group>"; };
		138F54E32CA0E7B3009357F9 /* examples */ = {isa = PBXFileReference; lastKnownFileType = folder; path = examples; sourceTree = "<group>"; };
/* End PBXFileReference section */

/* Begin PBXFrameworksBuildPhase section */
		1336692D2BE82EA000484032 /* Frameworks */ = {
			isa = PBXFrameworksBuildPhase;
			buildActionMask = 2147483647;
			files = (
				13592D022CC083690052D0E9 /* libz.a in Frameworks */,
				13592D002CC07A610052D0E9 /* libpng16.a in Frameworks */,
			);
			runOnlyForDeploymentPostprocessing = 0;
		};
/* End PBXFrameworksBuildPhase section */

/* Begin PBXGroup section */
		133669272BE82EA000484032 = {
			isa = PBXGroup;
			children = (
				1336693A2BE82F4200484032 /* README.md */,
				138F54E22CA0E72B009357F9 /* LICENSE */,
				130BEBC62CA1C48600E921B4 /* assets */,
				138F54E32CA0E7B3009357F9 /* examples */,
				133669322BE82EA000484032 /* src */,
				13592CFE2CC07A600052D0E9 /* Frameworks */,
				133669312BE82EA000484032 /* Products */,
			);
			sourceTree = "<group>";
		};
		133669312BE82EA000484032 /* Products */ = {
			isa = PBXGroup;
			children = (
				133669302BE82EA000484032 /* repix */,
			);
			name = Products;
			sourceTree = "<group>";
		};
		133669322BE82EA000484032 /* src */ = {
			isa = PBXGroup;
			children = (
				133669332BE82EA000484032 /* main.cpp */,
				133669412BE82F9100484032 /* image.hpp */,
				1336693F2BE82F9100484032 /* image.cpp */,
				130BEBC72CA340F700E921B4 /* build.h */,
				133669402BE82F9100484032 /* build.txt */,
				13592D3B2CC5625F0052D0E9 /* rePiX.hpp */,
				13592D3C2CC5625F0052D0E9 /* rePiX.cpp */,
			);
			path = src;
			sourceTree = "<group>";
		};
		13592CFE2CC07A600052D0E9 /* Frameworks */ = {
			isa = PBXGroup;
			children = (
				13592D012CC083690052D0E9 /* libz.a */,
				13592CFF2CC07A610052D0E9 /* libpng16.a */,
			);
			name = Frameworks;
			sourceTree = "<group>";
		};
/* End PBXGroup section */

/* Begin PBXNativeTarget section */
		1336692F2BE82EA000484032 /* repix */ = {
			isa = PBXNativeTarget;
			buildConfigurationList = 133669372BE82EA000484032 /* Build configuration list for PBXNativeTarget "repix" */;
			buildPhases = (
				13EE0F3D2BE82FD6000FF54A /* ShellScript */,
				1336692C2BE82EA000484032 /* Sources */,
				1336692D2BE82EA000484032 /* Frameworks */,
				1336692E2BE82EA000484032 /* CopyFiles */,
			);
			buildRules = (
			);
			dependencies = (
			);
			name = repix;
			productName = piXsprite;
			productReference = 133669302BE82EA000484032 /* repix */;
			productType = "com.apple.product-type.tool";
		};
/* End PBXNativeTarget section */

/* Begin PBXProject section */
		133669282BE82EA000484032 /* Project object */ = {
			isa = PBXProject;
			attributes = {
				BuildIndependentTargetsInParallel = 1;
				LastUpgradeCheck = 1600;
				TargetAttributes = {
					1336692F2BE82EA000484032 = {
						CreatedOnToolsVersion = 15.3;
					};
				};
			};
			buildConfigurationList = 1336692B2BE82EA000484032 /* Build configuration list for PBXProject "repix" */;
			compatibilityVersion = "Xcode 14.0";
			developmentRegion = en;
			hasScannedForEncodings = 0;
			knownRegions = (
				en,
				Base,
			);
			mainGroup = 133669272BE82EA000484032;
			productRefGroup = 133669312BE82EA000484032 /* Products */;
			projectDirPath = "";
			projectRoot = "";
			targets = (
				1336692F2BE82EA000484032 /* repix */,
			);
		};
/* End PBXProject section */

/* Begin PBXShellScriptBuildPhase section */
		13EE0F3D2BE82FD6000FF54A /* ShellScript */ = {
			isa = PBXShellScriptBuildPhase;
			alwaysOutOfDate = 1;
			buildActionMask = 2147483647;
			files = (
			);
			inputFileListPaths = (
			);
			inputPaths = (
			);
			outputFileListPaths = (
			);
			outputPaths = (
			);
			runOnlyForDeploymentPostprocessing = 0;
			shellPath = /bin/sh;
			shellScript = "# Increment version number by 0.001, allowing 1000 builds before version number is increased.\nbuild=( $(cat src/build.txt) )\nbuild=$(($build+1))\ncurrent_date=$(date +\"%Y %B %d\")\nbuild_date=$(date +\"%Y%m%d\")\necho $build > src/build.txt\necho \"#define BUILD_NUMBER $build\" > src/build.h\necho \"#define CURRENT_DATE \\\"$current_date\\\"\" >> src/build.h\necho \"#define BUILD_DATE $build_date\" >> src/build.h\n";
		};
/* End PBXShellScriptBuildPhase section */

/* Begin PBXSourcesBuildPhase section */
		1336692C2BE82EA000484032 /* Sources */ = {
			isa = PBXSourcesBuildPhase;
			buildActionMask = 2147483647;
			files = (
				133669342BE82EA000484032 /* main.cpp in Sources */,
				13592D3D2CC5625F0052D0E9 /* rePiX.cpp in Sources */,
				133669432BE82F9100484032 /* image.cpp in Sources */,
			);
			runOnlyForDeploymentPostprocessing = 0;
		};
/* End PBXSourcesBuildPhase section */

/* Begin XCBuildConfiguration section */
		133669352BE82EA000484032 /* Debug */ = {
			isa = XCBuildConfiguration;
			buildSettings = {
				ALWAYS_SEARCH_USER_PATHS = NO;
				ASSETCATALOG_COMPILER_GENERATE_SWIFT_ASSET_SYMBOL_EXTENSIONS = YES;
				CLANG_ANALYZER_NONNULL = YES;
				CLANG_ANALYZER_NUMBER_OBJECT_CONVERSION = YES_AGGRESSIVE;
				CLANG_CXX_LANGUAGE_STANDARD = "gnu++20";
				CLANG_ENABLE_MODULES = YES;
				CLANG_ENABLE_OBJC_ARC = YES;
				CLANG_ENABLE_OBJC_WEAK = YES;
				CLANG_WARN_BLOCK_CAPTURE_AUTORELEASING = YES;
				CLANG_WARN_BOOL_CONVERSION = YES;
				CLANG_WARN_COMMA = YES;
				CLANG_WARN_CONSTANT_CONVERSION = YES;
				CLANG_WARN_DEPRECATED_OBJC_IMPLEMENTATIONS = YES;
				CLANG_WARN_DIRECT_OBJC_ISA_USAGE = YES_ERROR;
				CLANG_WARN_DOCUMENTATION_COMMENTS = YES;
				CLANG_WARN_EMPTY_BODY = YES;
				CLANG_WARN_ENUM_CONVERSION = YES;
				CLANG_WARN_INFINITE_RECURSION = YES;
				CLANG_WARN_INT_CONVERSION = YES;
				CLANG_WARN_NON_LITERAL_NULL_CONVERSION = YES;
				CLANG_WARN_OBJC_IMPLICIT_RETAIN_SELF = YES;
				CLANG_WARN_OBJC_LITERAL_CONVERSION = YES;
				CLANG_WARN_OBJC_ROOT_CLASS = YES_ERROR;
				CLANG_WARN_QUOTED_INCLUDE_IN_FRAMEWORK_HEADER = YES;
				CLANG_WARN_RANGE_LOOP_ANALYSIS = YES;
				CLANG_WARN_STRICT_PROTOTYPES = YES;
				CLANG_WARN_SUSPICIOUS_MOVE = YES;
				CLANG_WARN_UNGUARDED_AVAILABILITY = YES_AGGRESSIVE;
				CLANG_WARN_UNREACHABLE_CODE = YES;
				CLANG_WARN__DUPLICATE_METHOD_MATCH = YES;
				COPY_PHASE_STRIP = NO;
				DEAD_CODE_STRIPPING = YES;
				DEBUG_INFORMATION_FORMAT = dwarf;
				ENABLE_STRICT_OBJC_MSGSEND = YES;
				ENABLE_TESTABILITY = YES;
				ENABLE_USER_SCRIPT_SANDBOXING = YES;
				GCC_C_LANGUAGE_STANDARD = gnu17;
				GCC_DYNAMIC_NO_PIC = NO;
				GCC_NO_COMMON_BLOCKS = YES;
				GCC_OPTIMIZATION_LEVEL = 0;
				GCC_PREPROCESSOR_DEFINITIONS = (
					"DEBUG=1",
					"$(inherited)",
				);
				GCC_WARN_64_TO_32_BIT_CONVERSION = YES;
				GCC_WARN_ABOUT_RETURN_TYPE = YES_ERROR;
				GCC_WARN_UNDECLARED_SELECTOR = YES;
				GCC_WARN_UNINITIALIZED_AUTOS = YES_AGGRESSIVE;
				GCC_WARN_UNUSED_FUNCTION = YES;
				GCC_WARN_UNUSED_VARIABLE = YES;
				LOCALIZATION_PREFERS_STRING_CATALOGS = YES;
				MACOSX_DEPLOYMENT_TARGET = 14.4;
				MTL_ENABLE_DEBUG_INFO = INCLUDE_SOURCE;
				MTL_FAST_MATH = YES;
				ONLY_ACTIVE_ARCH = YES;
				SDKROOT = macosx;
			};
			name = Debug;
		};
		133669362BE82EA000484032 /* Release */ = {
			isa = XCBuildConfiguration;
			buildSettings = {
				ALWAYS_SEARCH_USER_PATHS = NO;
				ASSETCATALOG_COMPILER_GENERATE_SWIFT_ASSET_SYMBOL_EXTENSIONS = YES;
				CLANG_ANALYZER_NONNULL = YES;
				CLANG_ANALYZER_NUMBER_OBJECT_CONVERSION = YES_AGGRESSIVE;
				CLANG_CXX_LANGUAGE_STANDARD = "gnu++20";
				CLANG_ENABLE_MODULES = YES;
				CLANG_ENABLE_OBJC_ARC = YES;
				CLANG_ENABLE_OBJC_WEAK = YES;
				CLANG_WARN_BLOCK_CAPTURE_AUTORELEASING = YES;
				CLANG_WARN_BOOL_CONVERSION = YES;
				CLANG_WARN_COMMA = YES;
				CLANG_WARN_CONSTANT_CONVERSION = YES;
				CLANG_WARN_DEPRECATED_OBJC_IMPLEMENTATIONS = YES;
				CLANG_WARN_DIRECT_OBJC_ISA_USAGE = YES_ERROR;
				CLANG_WARN_DOCUMENTATION_COMMENTS = YES;
				CLANG_WARN_EMPTY_BODY = YES;
				CLANG_WARN_ENUM_CONVERSION = YES;
				CLANG_WARN_INFINITE_RECURSION = YES;
				CLANG_WARN_INT_CONVERSION = YES;
				CLANG_WARN_NON_LITERAL_NULL_CONVERSION = YES;
				CLANG_WARN_OBJC_IMPLICIT_RETAIN_SELF = YES;
				CLANG_WARN_OBJC_LITERAL_CONVERSION = YES;
				CLANG_WARN_OBJC_ROOT_CLASS = YES_ERROR;
				CLANG_WARN_QUOTED_INCLUDE_IN_FRAMEWORK_HEADER = YES;
				CLANG_WARN_RANGE_LOOP_ANALYSIS = YES;
				CLANG_WARN_STRICT_PROTOTYPES = YES;
				CLANG_WARN_SUSPICIOUS_MOVE = YES;
				CLANG_WARN_UNGUARDED_AVAILABILITY = YES_AGGRESSIVE;
				CLANG_WARN_UNREACHABLE_CODE = YES;
				CLANG_WARN__DUPLICATE_METHOD_MATCH = YES;
				COPY_PHASE_STRIP = NO;
				DEAD_CODE_STRIPPING = YES;
				DEBUG_INFORMATION_FORMAT = "dwarf-with-dsym";
				ENABLE_NS_ASSERTIONS = NO;
				ENABLE_STRICT_OBJC_MSGSEND = YES;
				ENABLE_USER_SCRIPT_SANDBOXING = YES;
				GCC_C_LANGUAGE_STANDARD = gnu17;
				GCC_NO_COMMON_BLOCKS = YES;
				GCC_WARN_64_TO_32_BIT_CONVERSION = YES;
				GCC_WARN_ABOUT_RETURN_TYPE = YES_ERROR;
				GCC_WARN_UNDECLARED_SELECTOR = YES;
				GCC_WARN_UNINITIALIZED_AUTOS = YES_AGGRESSIVE;
				GCC_WARN_UNUSED_FUNCTION = YES;
				GCC_WARN_UNUSED_VARIABLE = YES;
				LOCALIZATION_PREFERS_STRING_CATALOGS = YES;
				MACOSX_DEPLOYMENT_TARGET = 14.4;
				MTL_ENABLE_DEBUG_INFO = NO;
				MTL_FAST_MATH = YES;
				SDKROOT = macosx;
			};
			name = Release;
		};
		133669382BE82EA000484032 /* Debug */ = {
			isa = XCBuildConfiguration;
			buildSettings = {
				CODE_SIGN_STYLE = Manual;
				DEAD_CODE_STRIPPING = YES;
				DEVELOPMENT_TEAM = "";
				ENABLE_USER_SCRIPT_SANDBOXING = NO;
				HEADER_SEARCH_PATHS = /usr/local/opt/libpng/include;
				LIBRARY_SEARCH_PATHS = (
					"$(inherited)",
					/usr/local/Cellar/libpng/1.6.44/lib,
					/usr/local/zlib/lib,
				);
				PRODUCT_NAME = "$(TARGET_NAME)";
				PROVISIONING_PROFILE_SPECIFIER = "";
			};
			name = Debug;
		};
		133669392BE82EA000484032 /* Release */ = {
			isa = XCBuildConfiguration;
			buildSettings = {
				CODE_SIGN_STYLE = Manual;
				DEAD_CODE_STRIPPING = YES;
				DEVELOPMENT_TEAM = "";
				ENABLE_USER_SCRIPT_SANDBOXING = NO;
				HEADER_SEARCH_PATHS = /usr/local/opt/libpng/include;
				LIBRARY_SEARCH_PATHS = (
					"$(inherited)",
					/usr/local/Cellar/libpng/1.6.44/lib,
					/usr/local/zlib/lib,
				);
				PRODUCT_NAME = "$(TARGET_NAME)";
				PROVISIONING_PROFILE_SPECIFIER = "";
			};
			name = Release;
		};
/* End XCBuildConfiguration section */

/* Begin XCConfigurationList section */
		1336692B2BE82EA000484032 /* Build configuration list for PBXProject "repix" */ = {
			isa = XCConfigurationList;
			buildConfigurations = (
				133669352BE82EA000484032 /* Debug */,
				133669362BE82EA000484032 /* Release */,
			);
			defaultConfigurationIsVisible = 0;
			defaultConfigurationName = Release;
		};
		133669372BE82EA000484032 /* Build configuration list for PBXNativeTarget "repix" */ = {
			isa = XCConfigurationList;
			buildConfigurations = (
				133669382BE82EA000484032 /* Debug */,
				133669392BE82EA000484032 /* Release */,
			);
			defaultConfigurationIsVisible = 0;
			defaultConfigurationName = Release;
		};
/* End XCConfigurationList section */
	};
	rootObject = 133669282BE82EA000484032 /* Project object */;
}
